Microsoft Visual Studio Solution File, Format Version 12.00
Project("{FAE04EC0-301F-11D3-BF4B-00C04F79EFBC}") = "firebot", "src\firebot.csproj", "{D0A140C0-A82B-462E-B5C9-1D0E5F2761ED}"
EndProject
Global
	GlobalSection(SolutionConfigurationPlatforms) = preSolution
		Debug|Any CPU = Debug|Any CPU
		Release|Any CPU = Release|Any CPU
	EndGlobalSection
	GlobalSection(ProjectConfigurationPlatforms) = postSolution
		{F025F0E5-B829-47A0-B0E7-5FB49B103B4A}.Debug|Any CPU.ActiveCfg = Debug|Any CPU
		{F025F0E5-B829-47A0-B0E7-5FB49B103B4A}.Debug|Any CPU.Build.0 = Debug|Any CPU
		{F025F0E5-B829-47A0-B0E7-5FB49B103B4A}.Release|Any CPU.ActiveCfg = Release|Any CPU
		{F025F0E5-B829-47A0-B0E7-5FB49B103B4A}.Release|Any CPU.Build.0 = Release|Any CPU
		{D0A140C0-A82B-462E-B5C9-1D0E5F2761ED}.Debug|Any CPU.ActiveCfg = Debug|Any CPU
		{D0A140C0-A82B-462E-B5C9-1D0E5F2761ED}.Debug|Any CPU.Build.0 = Debug|Any CPU
		{D0A140C0-A82B-462E-B5C9-1D0E5F2761ED}.Release|Any CPU.ActiveCfg = Release|Any CPU
		{D0A140C0-A82B-462E-B5C9-1D0E5F2761ED}.Release|Any CPU.Build.0 = Release|Any CPU
	EndGlobalSection
EndGlobal
